// !$*UTF8*$!
{
	archiveVersion = 1;
	classes = {
	};
	objectVersion = 55;
	objects = {

/* Begin PBXBuildFile section */
		08CEF9EE283563A4006F57F2 /* Localization.strings in Resources */ = {isa = PBXBuildFile; fileRef = 08CEF9F0283563A4006F57F2 /* Localization.strings */; };
		08CEF9F228356A94006F57F2 /* DataBaseManager.swift in Sources */ = {isa = PBXBuildFile; fileRef = 08CEF9F128356A94006F57F2 /* DataBaseManager.swift */; };
		08CEF9F528356E30006F57F2 /* CategoryEntity.swift in Sources */ = {isa = PBXBuildFile; fileRef = 08CEF9F428356E30006F57F2 /* CategoryEntity.swift */; };
		08CEF9F928356E6E006F57F2 /* IncomeCategoryEntity.swift in Sources */ = {isa = PBXBuildFile; fileRef = 08CEF9F828356E6E006F57F2 /* IncomeCategoryEntity.swift */; };
		08CEF9FB28356E79006F57F2 /* IncomeExpenseEntity.swift in Sources */ = {isa = PBXBuildFile; fileRef = 08CEF9FA28356E79006F57F2 /* IncomeExpenseEntity.swift */; };
		08DA5E0E282AE53C00C93A5F /* R.generated.swift in Sources */ = {isa = PBXBuildFile; fileRef = 08DA5E0D282AE53C00C93A5F /* R.generated.swift */; };
		5129DDDEE9FE0E980B0E8C91 /* Pods_ExpenseTracker.framework in Frameworks */ = {isa = PBXBuildFile; fileRef = A6163E07788879769AF12DBE /* Pods_ExpenseTracker.framework */; };
		88053FF2283BCBFC007D2762 /* DateFormatter Extension.swift in Sources */ = {isa = PBXBuildFile; fileRef = 88053FF1283BCBFC007D2762 /* DateFormatter Extension.swift */; };
		88053FF4283BCC7D007D2762 /* NumberFormatter extension.swift in Sources */ = {isa = PBXBuildFile; fileRef = 88053FF3283BCC7D007D2762 /* NumberFormatter extension.swift */; };
		88178EE1282E70BC00E84146 /* AlertManager.swift in Sources */ = {isa = PBXBuildFile; fileRef = 88178EE0282E70BC00E84146 /* AlertManager.swift */; };
		88178EE4282E96B800E84146 /* CategoryIncome.storyboard in Resources */ = {isa = PBXBuildFile; fileRef = 88178EE3282E96B800E84146 /* CategoryIncome.storyboard */; };
		88178EE6282E979900E84146 /* CategoryIncomeDetail.storyboard in Resources */ = {isa = PBXBuildFile; fileRef = 88178EE5282E979900E84146 /* CategoryIncomeDetail.storyboard */; };
		88178EE8282E97E700E84146 /* CategoryIncomeViewController.swift in Sources */ = {isa = PBXBuildFile; fileRef = 88178EE7282E97E700E84146 /* CategoryIncomeViewController.swift */; };
		88178EEA282E980400E84146 /* CategoryIncomeDetailTableViewController.swift in Sources */ = {isa = PBXBuildFile; fileRef = 88178EE9282E980400E84146 /* CategoryIncomeDetailTableViewController.swift */; };
		88356ABB281C28B300C40F39 /* AppDelegate.swift in Sources */ = {isa = PBXBuildFile; fileRef = 88356ABA281C28B300C40F39 /* AppDelegate.swift */; };
		88356ABD281C28B300C40F39 /* SceneDelegate.swift in Sources */ = {isa = PBXBuildFile; fileRef = 88356ABC281C28B300C40F39 /* SceneDelegate.swift */; };
		88356ABF281C28B300C40F39 /* TabViewController.swift in Sources */ = {isa = PBXBuildFile; fileRef = 88356ABE281C28B300C40F39 /* TabViewController.swift */; };
		88356AC2281C28B300C40F39 /* Main.storyboard in Resources */ = {isa = PBXBuildFile; fileRef = 88356AC0281C28B300C40F39 /* Main.storyboard */; };
		88356AC5281C28B300C40F39 /* ExpenseTracker.xcdatamodeld in Sources */ = {isa = PBXBuildFile; fileRef = 88356AC3281C28B300C40F39 /* ExpenseTracker.xcdatamodeld */; };
		88356AC7281C28B600C40F39 /* Assets.xcassets in Resources */ = {isa = PBXBuildFile; fileRef = 88356AC6281C28B600C40F39 /* Assets.xcassets */; };
		88356ACA281C28B600C40F39 /* LaunchScreen.storyboard in Resources */ = {isa = PBXBuildFile; fileRef = 88356AC8281C28B600C40F39 /* LaunchScreen.storyboard */; };
		883D994E281D67670080DC7B /* Inter-Light.ttf in Resources */ = {isa = PBXBuildFile; fileRef = 883D9945281D67670080DC7B /* Inter-Light.ttf */; };
		883D994F281D67670080DC7B /* Inter-Thin.ttf in Resources */ = {isa = PBXBuildFile; fileRef = 883D9946281D67670080DC7B /* Inter-Thin.ttf */; };
		883D9950281D67670080DC7B /* Inter-Medium.ttf in Resources */ = {isa = PBXBuildFile; fileRef = 883D9947281D67670080DC7B /* Inter-Medium.ttf */; };
		883D9951281D67670080DC7B /* Inter-Bold.ttf in Resources */ = {isa = PBXBuildFile; fileRef = 883D9948281D67670080DC7B /* Inter-Bold.ttf */; };
		883D9952281D67670080DC7B /* Inter-Regular.ttf in Resources */ = {isa = PBXBuildFile; fileRef = 883D9949281D67670080DC7B /* Inter-Regular.ttf */; };
		883D9953281D67670080DC7B /* Inter-SemiBold.ttf in Resources */ = {isa = PBXBuildFile; fileRef = 883D994A281D67670080DC7B /* Inter-SemiBold.ttf */; };
		883D9954281D67670080DC7B /* Inter-ExtraLight.ttf in Resources */ = {isa = PBXBuildFile; fileRef = 883D994B281D67670080DC7B /* Inter-ExtraLight.ttf */; };
		883D9955281D67670080DC7B /* Inter-ExtraBold.ttf in Resources */ = {isa = PBXBuildFile; fileRef = 883D994C281D67670080DC7B /* Inter-ExtraBold.ttf */; };
		883D9956281D67670080DC7B /* Inter-Black.ttf in Resources */ = {isa = PBXBuildFile; fileRef = 883D994D281D67670080DC7B /* Inter-Black.ttf */; };
		883D995A281D792E0080DC7B /* Home.storyboard in Resources */ = {isa = PBXBuildFile; fileRef = 883D9959281D792E0080DC7B /* Home.storyboard */; };
		883D995C281D79570080DC7B /* Statistics.storyboard in Resources */ = {isa = PBXBuildFile; fileRef = 883D995B281D79570080DC7B /* Statistics.storyboard */; };
		883D995E281D79880080DC7B /* AddExpense.storyboard in Resources */ = {isa = PBXBuildFile; fileRef = 883D995D281D79880080DC7B /* AddExpense.storyboard */; };
		883D9960281D79A80080DC7B /* Wallet.storyboard in Resources */ = {isa = PBXBuildFile; fileRef = 883D995F281D79A80080DC7B /* Wallet.storyboard */; };
		883D9980281D8E690080DC7B /* Category+CoreDataClass.swift in Sources */ = {isa = PBXBuildFile; fileRef = 883D997A281D8E690080DC7B /* Category+CoreDataClass.swift */; };
		883D9981281D8E690080DC7B /* Category+CoreDataProperties.swift in Sources */ = {isa = PBXBuildFile; fileRef = 883D997B281D8E690080DC7B /* Category+CoreDataProperties.swift */; };
		883D9987281FD4180080DC7B /* AddExpenseViewController.swift in Sources */ = {isa = PBXBuildFile; fileRef = 883D9986281FD4180080DC7B /* AddExpenseViewController.swift */; };
		883D99892821308B0080DC7B /* BackgroundView.swift in Sources */ = {isa = PBXBuildFile; fileRef = 883D99882821308B0080DC7B /* BackgroundView.swift */; };
		883D998B28217B940080DC7B /* AddExpenseContentViewController.swift in Sources */ = {isa = PBXBuildFile; fileRef = 883D998A28217B940080DC7B /* AddExpenseContentViewController.swift */; };
		883D998D2823E6800080DC7B /* CategoryViewController.swift in Sources */ = {isa = PBXBuildFile; fileRef = 883D998C2823E67F0080DC7B /* CategoryViewController.swift */; };
		883D998F28257E000080DC7B /* HomePageViewController.swift in Sources */ = {isa = PBXBuildFile; fileRef = 883D998E28257E000080DC7B /* HomePageViewController.swift */; };
		883D99912827A72D0080DC7B /* CategoryDetailViewController.swift in Sources */ = {isa = PBXBuildFile; fileRef = 883D99902827A72D0080DC7B /* CategoryDetailViewController.swift */; };
		883D9996282907410080DC7B /* Category.storyboard in Resources */ = {isa = PBXBuildFile; fileRef = 883D9995282907410080DC7B /* Category.storyboard */; };
		883D9998282907DF0080DC7B /* CategoryDetail.storyboard in Resources */ = {isa = PBXBuildFile; fileRef = 883D9997282907DF0080DC7B /* CategoryDetail.storyboard */; };
		883FCD50283282C500EFEC79 /* StatisticViewController.swift in Sources */ = {isa = PBXBuildFile; fileRef = 883FCD4F283282C500EFEC79 /* StatisticViewController.swift */; };
		883FCD5428329FD900EFEC79 /* iOSDropDown.framework in Frameworks */ = {isa = PBXBuildFile; fileRef = 883FCD5328329FD900EFEC79 /* iOSDropDown.framework */; };
		883FCD562833DC2900EFEC79 /* Date Extension.swift in Sources */ = {isa = PBXBuildFile; fileRef = 883FCD552833DC2900EFEC79 /* Date Extension.swift */; };
		883FCD5C2837D0F900EFEC79 /* NumberLabelAnimate.swift in Sources */ = {isa = PBXBuildFile; fileRef = 883FCD5B2837D0F900EFEC79 /* NumberLabelAnimate.swift */; };
		8856C8BE282A93CB004A38F9 /* HomeTableViewCell.swift in Sources */ = {isa = PBXBuildFile; fileRef = 8856C8BD282A93CB004A38F9 /* HomeTableViewCell.swift */; };
		8856C8C1282ABCA6004A38F9 /* WalletViewController.swift in Sources */ = {isa = PBXBuildFile; fileRef = 8856C8C0282ABCA6004A38F9 /* WalletViewController.swift */; };
		8856C8C5282D1A6A004A38F9 /* WalletCell.xib in Resources */ = {isa = PBXBuildFile; fileRef = 8856C8C4282D1A6A004A38F9 /* WalletCell.xib */; };
		8856C8C7282D1CCE004A38F9 /* WalletCell.swift in Sources */ = {isa = PBXBuildFile; fileRef = 8856C8C6282D1CCE004A38F9 /* WalletCell.swift */; };
		8856C8C9282D2190004A38F9 /* AddIncome.storyboard in Resources */ = {isa = PBXBuildFile; fileRef = 8856C8C8282D2190004A38F9 /* AddIncome.storyboard */; };
		8856C8CB282D21E5004A38F9 /* AddIncomeViewController.swift in Sources */ = {isa = PBXBuildFile; fileRef = 8856C8CA282D21E5004A38F9 /* AddIncomeViewController.swift */; };
		8856C8CD282D5EB6004A38F9 /* AddIncomeTableViewController.swift in Sources */ = {isa = PBXBuildFile; fileRef = 8856C8CC282D5EB6004A38F9 /* AddIncomeTableViewController.swift */; };
		88FB16B5282D6CF400A2A528 /* IncomeExpense+CoreDataClass.swift in Sources */ = {isa = PBXBuildFile; fileRef = 88FB16B1282D6CF400A2A528 /* IncomeExpense+CoreDataClass.swift */; };
		88FB16B6282D6CF400A2A528 /* IncomeExpense+CoreDataProperties.swift in Sources */ = {isa = PBXBuildFile; fileRef = 88FB16B2282D6CF400A2A528 /* IncomeExpense+CoreDataProperties.swift */; };
		88FB16B7282D6CF400A2A528 /* IncomeCategory+CoreDataClass.swift in Sources */ = {isa = PBXBuildFile; fileRef = 88FB16B3282D6CF400A2A528 /* IncomeCategory+CoreDataClass.swift */; };
		88FB16B8282D6CF400A2A528 /* IncomeCategory+CoreDataProperties.swift in Sources */ = {isa = PBXBuildFile; fileRef = 88FB16B4282D6CF400A2A528 /* IncomeCategory+CoreDataProperties.swift */; };
/* End PBXBuildFile section */

/* Begin PBXFileReference section */
		08CEF9EF283563A4006F57F2 /* en */ = {isa = PBXFileReference; lastKnownFileType = text.plist.strings; name = en; path = en.lproj/Localization.strings; sourceTree = "<group>"; };
		08CEF9F128356A94006F57F2 /* DataBaseManager.swift */ = {isa = PBXFileReference; lastKnownFileType = sourcecode.swift; path = DataBaseManager.swift; sourceTree = "<group>"; };
		08CEF9F428356E30006F57F2 /* CategoryEntity.swift */ = {isa = PBXFileReference; lastKnownFileType = sourcecode.swift; path = CategoryEntity.swift; sourceTree = "<group>"; };
		08CEF9F828356E6E006F57F2 /* IncomeCategoryEntity.swift */ = {isa = PBXFileReference; lastKnownFileType = sourcecode.swift; path = IncomeCategoryEntity.swift; sourceTree = "<group>"; };
		08CEF9FA28356E79006F57F2 /* IncomeExpenseEntity.swift */ = {isa = PBXFileReference; lastKnownFileType = sourcecode.swift; path = IncomeExpenseEntity.swift; sourceTree = "<group>"; };
		08DA5E0D282AE53C00C93A5F /* R.generated.swift */ = {isa = PBXFileReference; fileEncoding = 4; lastKnownFileType = sourcecode.swift; path = R.generated.swift; sourceTree = "<group>"; };
		778D8A98CA6985A85E9997CA /* Pods-ExpenseTracker.release.xcconfig */ = {isa = PBXFileReference; includeInIndex = 1; lastKnownFileType = text.xcconfig; name = "Pods-ExpenseTracker.release.xcconfig"; path = "Target Support Files/Pods-ExpenseTracker/Pods-ExpenseTracker.release.xcconfig"; sourceTree = "<group>"; };
		7A7B5B7B2B18727A078C87F9 /* Pods-ExpenseTracker.debug.xcconfig */ = {isa = PBXFileReference; includeInIndex = 1; lastKnownFileType = text.xcconfig; name = "Pods-ExpenseTracker.debug.xcconfig"; path = "Target Support Files/Pods-ExpenseTracker/Pods-ExpenseTracker.debug.xcconfig"; sourceTree = "<group>"; };
		88053FF1283BCBFC007D2762 /* DateFormatter Extension.swift */ = {isa = PBXFileReference; lastKnownFileType = sourcecode.swift; path = "DateFormatter Extension.swift"; sourceTree = "<group>"; };
		88053FF3283BCC7D007D2762 /* NumberFormatter extension.swift */ = {isa = PBXFileReference; lastKnownFileType = sourcecode.swift; path = "NumberFormatter extension.swift"; sourceTree = "<group>"; };
		88178EE0282E70BC00E84146 /* AlertManager.swift */ = {isa = PBXFileReference; lastKnownFileType = sourcecode.swift; path = AlertManager.swift; sourceTree = "<group>"; };
		88178EE3282E96B800E84146 /* CategoryIncome.storyboard */ = {isa = PBXFileReference; lastKnownFileType = file.storyboard; path = CategoryIncome.storyboard; sourceTree = "<group>"; };
		88178EE5282E979900E84146 /* CategoryIncomeDetail.storyboard */ = {isa = PBXFileReference; lastKnownFileType = file.storyboard; path = CategoryIncomeDetail.storyboard; sourceTree = "<group>"; };
		88178EE7282E97E700E84146 /* CategoryIncomeViewController.swift */ = {isa = PBXFileReference; lastKnownFileType = sourcecode.swift; path = CategoryIncomeViewController.swift; sourceTree = "<group>"; };
		88178EE9282E980400E84146 /* CategoryIncomeDetailTableViewController.swift */ = {isa = PBXFileReference; lastKnownFileType = sourcecode.swift; path = CategoryIncomeDetailTableViewController.swift; sourceTree = "<group>"; };
		88356AB7281C28B300C40F39 /* ExpenseTracker.app */ = {isa = PBXFileReference; explicitFileType = wrapper.application; includeInIndex = 0; path = ExpenseTracker.app; sourceTree = BUILT_PRODUCTS_DIR; };
		88356ABA281C28B300C40F39 /* AppDelegate.swift */ = {isa = PBXFileReference; lastKnownFileType = sourcecode.swift; path = AppDelegate.swift; sourceTree = "<group>"; };
		88356ABC281C28B300C40F39 /* SceneDelegate.swift */ = {isa = PBXFileReference; lastKnownFileType = sourcecode.swift; path = SceneDelegate.swift; sourceTree = "<group>"; };
		88356ABE281C28B300C40F39 /* TabViewController.swift */ = {isa = PBXFileReference; lastKnownFileType = sourcecode.swift; path = TabViewController.swift; sourceTree = "<group>"; };
		88356AC1281C28B300C40F39 /* Base */ = {isa = PBXFileReference; lastKnownFileType = file.storyboard; name = Base; path = Base.lproj/Main.storyboard; sourceTree = "<group>"; };
		88356AC4281C28B300C40F39 /* ExpenseTracker.xcdatamodel */ = {isa = PBXFileReference; lastKnownFileType = wrapper.xcdatamodel; path = ExpenseTracker.xcdatamodel; sourceTree = "<group>"; };
		88356AC6281C28B600C40F39 /* Assets.xcassets */ = {isa = PBXFileReference; lastKnownFileType = folder.assetcatalog; path = Assets.xcassets; sourceTree = "<group>"; };
		88356AC9281C28B600C40F39 /* Base */ = {isa = PBXFileReference; lastKnownFileType = file.storyboard; name = Base; path = Base.lproj/LaunchScreen.storyboard; sourceTree = "<group>"; };
		88356ACB281C28B600C40F39 /* Info.plist */ = {isa = PBXFileReference; lastKnownFileType = text.plist.xml; path = Info.plist; sourceTree = "<group>"; };
		883D9945281D67670080DC7B /* Inter-Light.ttf */ = {isa = PBXFileReference; lastKnownFileType = file; path = "Inter-Light.ttf"; sourceTree = "<group>"; };
		883D9946281D67670080DC7B /* Inter-Thin.ttf */ = {isa = PBXFileReference; lastKnownFileType = file; path = "Inter-Thin.ttf"; sourceTree = "<group>"; };
		883D9947281D67670080DC7B /* Inter-Medium.ttf */ = {isa = PBXFileReference; lastKnownFileType = file; path = "Inter-Medium.ttf"; sourceTree = "<group>"; };
		883D9948281D67670080DC7B /* Inter-Bold.ttf */ = {isa = PBXFileReference; lastKnownFileType = file; path = "Inter-Bold.ttf"; sourceTree = "<group>"; };
		883D9949281D67670080DC7B /* Inter-Regular.ttf */ = {isa = PBXFileReference; lastKnownFileType = file; path = "Inter-Regular.ttf"; sourceTree = "<group>"; };
		883D994A281D67670080DC7B /* Inter-SemiBold.ttf */ = {isa = PBXFileReference; lastKnownFileType = file; path = "Inter-SemiBold.ttf"; sourceTree = "<group>"; };
		883D994B281D67670080DC7B /* Inter-ExtraLight.ttf */ = {isa = PBXFileReference; lastKnownFileType = file; path = "Inter-ExtraLight.ttf"; sourceTree = "<group>"; };
		883D994C281D67670080DC7B /* Inter-ExtraBold.ttf */ = {isa = PBXFileReference; lastKnownFileType = file; path = "Inter-ExtraBold.ttf"; sourceTree = "<group>"; };
		883D994D281D67670080DC7B /* Inter-Black.ttf */ = {isa = PBXFileReference; lastKnownFileType = file; path = "Inter-Black.ttf"; sourceTree = "<group>"; };
		883D9959281D792E0080DC7B /* Home.storyboard */ = {isa = PBXFileReference; lastKnownFileType = file.storyboard; path = Home.storyboard; sourceTree = "<group>"; };
		883D995B281D79570080DC7B /* Statistics.storyboard */ = {isa = PBXFileReference; lastKnownFileType = file.storyboard; path = Statistics.storyboard; sourceTree = "<group>"; };
		883D995D281D79880080DC7B /* AddExpense.storyboard */ = {isa = PBXFileReference; lastKnownFileType = file.storyboard; path = AddExpense.storyboard; sourceTree = "<group>"; };
		883D995F281D79A80080DC7B /* Wallet.storyboard */ = {isa = PBXFileReference; lastKnownFileType = file.storyboard; path = Wallet.storyboard; sourceTree = "<group>"; };
		883D997A281D8E690080DC7B /* Category+CoreDataClass.swift */ = {isa = PBXFileReference; lastKnownFileType = sourcecode.swift; path = "Category+CoreDataClass.swift"; sourceTree = "<group>"; };
		883D997B281D8E690080DC7B /* Category+CoreDataProperties.swift */ = {isa = PBXFileReference; lastKnownFileType = sourcecode.swift; path = "Category+CoreDataProperties.swift"; sourceTree = "<group>"; };
		883D9986281FD4180080DC7B /* AddExpenseViewController.swift */ = {isa = PBXFileReference; lastKnownFileType = sourcecode.swift; path = AddExpenseViewController.swift; sourceTree = "<group>"; };
		883D99882821308B0080DC7B /* BackgroundView.swift */ = {isa = PBXFileReference; lastKnownFileType = sourcecode.swift; path = BackgroundView.swift; sourceTree = "<group>"; };
		883D998A28217B940080DC7B /* AddExpenseContentViewController.swift */ = {isa = PBXFileReference; lastKnownFileType = sourcecode.swift; path = AddExpenseContentViewController.swift; sourceTree = "<group>"; };
		883D998C2823E67F0080DC7B /* CategoryViewController.swift */ = {isa = PBXFileReference; lastKnownFileType = sourcecode.swift; path = CategoryViewController.swift; sourceTree = "<group>"; };
		883D998E28257E000080DC7B /* HomePageViewController.swift */ = {isa = PBXFileReference; lastKnownFileType = sourcecode.swift; path = HomePageViewController.swift; sourceTree = "<group>"; };
		883D99902827A72D0080DC7B /* CategoryDetailViewController.swift */ = {isa = PBXFileReference; lastKnownFileType = sourcecode.swift; path = CategoryDetailViewController.swift; sourceTree = "<group>"; };
		883D9995282907410080DC7B /* Category.storyboard */ = {isa = PBXFileReference; lastKnownFileType = file.storyboard; path = Category.storyboard; sourceTree = "<group>"; };
		883D9997282907DF0080DC7B /* CategoryDetail.storyboard */ = {isa = PBXFileReference; lastKnownFileType = file.storyboard; path = CategoryDetail.storyboard; sourceTree = "<group>"; };
		883FCD4F283282C500EFEC79 /* StatisticViewController.swift */ = {isa = PBXFileReference; lastKnownFileType = sourcecode.swift; path = StatisticViewController.swift; sourceTree = "<group>"; };
		883FCD5328329FD900EFEC79 /* iOSDropDown.framework */ = {isa = PBXFileReference; explicitFileType = wrapper.framework; path = iOSDropDown.framework; sourceTree = BUILT_PRODUCTS_DIR; };
		883FCD552833DC2900EFEC79 /* Date Extension.swift */ = {isa = PBXFileReference; lastKnownFileType = sourcecode.swift; path = "Date Extension.swift"; sourceTree = "<group>"; };
		883FCD5B2837D0F900EFEC79 /* NumberLabelAnimate.swift */ = {isa = PBXFileReference; lastKnownFileType = sourcecode.swift; path = NumberLabelAnimate.swift; sourceTree = "<group>"; };
		8856C8BD282A93CB004A38F9 /* HomeTableViewCell.swift */ = {isa = PBXFileReference; lastKnownFileType = sourcecode.swift; path = HomeTableViewCell.swift; sourceTree = "<group>"; };
		8856C8C0282ABCA6004A38F9 /* WalletViewController.swift */ = {isa = PBXFileReference; lastKnownFileType = sourcecode.swift; path = WalletViewController.swift; sourceTree = "<group>"; };
		8856C8C4282D1A6A004A38F9 /* WalletCell.xib */ = {isa = PBXFileReference; lastKnownFileType = file.xib; path = WalletCell.xib; sourceTree = "<group>"; };
		8856C8C6282D1CCE004A38F9 /* WalletCell.swift */ = {isa = PBXFileReference; lastKnownFileType = sourcecode.swift; path = WalletCell.swift; sourceTree = "<group>"; };
		8856C8C8282D2190004A38F9 /* AddIncome.storyboard */ = {isa = PBXFileReference; lastKnownFileType = file.storyboard; path = AddIncome.storyboard; sourceTree = "<group>"; };
		8856C8CA282D21E5004A38F9 /* AddIncomeViewController.swift */ = {isa = PBXFileReference; lastKnownFileType = sourcecode.swift; path = AddIncomeViewController.swift; sourceTree = "<group>"; };
		8856C8CC282D5EB6004A38F9 /* AddIncomeTableViewController.swift */ = {isa = PBXFileReference; lastKnownFileType = sourcecode.swift; path = AddIncomeTableViewController.swift; sourceTree = "<group>"; };
		88FB16B1282D6CF400A2A528 /* IncomeExpense+CoreDataClass.swift */ = {isa = PBXFileReference; lastKnownFileType = sourcecode.swift; path = "IncomeExpense+CoreDataClass.swift"; sourceTree = "<group>"; };
		88FB16B2282D6CF400A2A528 /* IncomeExpense+CoreDataProperties.swift */ = {isa = PBXFileReference; lastKnownFileType = sourcecode.swift; path = "IncomeExpense+CoreDataProperties.swift"; sourceTree = "<group>"; };
		88FB16B3282D6CF400A2A528 /* IncomeCategory+CoreDataClass.swift */ = {isa = PBXFileReference; lastKnownFileType = sourcecode.swift; path = "IncomeCategory+CoreDataClass.swift"; sourceTree = "<group>"; };
		88FB16B4282D6CF400A2A528 /* IncomeCategory+CoreDataProperties.swift */ = {isa = PBXFileReference; lastKnownFileType = sourcecode.swift; path = "IncomeCategory+CoreDataProperties.swift"; sourceTree = "<group>"; };
		A6163E07788879769AF12DBE /* Pods_ExpenseTracker.framework */ = {isa = PBXFileReference; explicitFileType = wrapper.framework; includeInIndex = 0; path = Pods_ExpenseTracker.framework; sourceTree = BUILT_PRODUCTS_DIR; };
/* End PBXFileReference section */

/* Begin PBXFrameworksBuildPhase section */
		88356AB4281C28B300C40F39 /* Frameworks */ = {
			isa = PBXFrameworksBuildPhase;
			buildActionMask = 2147483647;
			files = (
				883FCD5428329FD900EFEC79 /* iOSDropDown.framework in Frameworks */,
				5129DDDEE9FE0E980B0E8C91 /* Pods_ExpenseTracker.framework in Frameworks */,
			);
			runOnlyForDeploymentPostprocessing = 0;
		};
/* End PBXFrameworksBuildPhase section */

/* Begin PBXGroup section */
		08CEF9F328356E24006F57F2 /* Entity */ = {
			isa = PBXGroup;
			children = (
				08CEF9F428356E30006F57F2 /* CategoryEntity.swift */,
				08CEF9F828356E6E006F57F2 /* IncomeCategoryEntity.swift */,
				08CEF9FA28356E79006F57F2 /* IncomeExpenseEntity.swift */,
			);
			path = Entity;
			sourceTree = "<group>";
		};
		2D22731994D8029CC1BEEE70 /* Frameworks */ = {
			isa = PBXGroup;
			children = (
				883FCD5328329FD900EFEC79 /* iOSDropDown.framework */,
				A6163E07788879769AF12DBE /* Pods_ExpenseTracker.framework */,
			);
			name = Frameworks;
			sourceTree = "<group>";
		};
		88053FF5283BCC9D007D2762 /* Extensions */ = {
			isa = PBXGroup;
			children = (
				883FCD552833DC2900EFEC79 /* Date Extension.swift */,
				88053FF1283BCBFC007D2762 /* DateFormatter Extension.swift */,
				88053FF3283BCC7D007D2762 /* NumberFormatter extension.swift */,
			);
			path = Extensions;
			sourceTree = "<group>";
		};
		88178EE2282E969C00E84146 /* CategoryIncome */ = {
			isa = PBXGroup;
			children = (
				88178EE3282E96B800E84146 /* CategoryIncome.storyboard */,
				88178EE5282E979900E84146 /* CategoryIncomeDetail.storyboard */,
				88178EE7282E97E700E84146 /* CategoryIncomeViewController.swift */,
				88178EE9282E980400E84146 /* CategoryIncomeDetailTableViewController.swift */,
			);
			path = CategoryIncome;
			sourceTree = "<group>";
		};
		88356AAE281C28B300C40F39 = {
			isa = PBXGroup;
			children = (
				08CEF9F328356E24006F57F2 /* Entity */,
				08DA5E0D282AE53C00C93A5F /* R.generated.swift */,
				883D9961281D8D9E0080DC7B /* CoreData */,
				883D9944281D67280080DC7B /* Font */,
				88356AB9281C28B300C40F39 /* ExpenseTracker */,
				88356AB8281C28B300C40F39 /* Products */,
				B16FFF233210CD8B956AD4CE /* Pods */,
				2D22731994D8029CC1BEEE70 /* Frameworks */,
			);
			sourceTree = "<group>";
		};
		88356AB8281C28B300C40F39 /* Products */ = {
			isa = PBXGroup;
			children = (
				88356AB7281C28B300C40F39 /* ExpenseTracker.app */,
			);
			name = Products;
			sourceTree = "<group>";
		};
		88356AB9281C28B300C40F39 /* ExpenseTracker */ = {
			isa = PBXGroup;
			children = (
				883FCD4E2832826B00EFEC79 /* Statistic */,
				88178EE2282E969C00E84146 /* CategoryIncome */,
				8856C8BF282ABC4B004A38F9 /* Wallet */,
				883D9994282906FB0080DC7B /* Home */,
				883D9993282906CE0080DC7B /* Category */,
				883D99922829067E0080DC7B /* AddExpense */,
				88356ABA281C28B300C40F39 /* AppDelegate.swift */,
				08CEF9F0283563A4006F57F2 /* Localization.strings */,
				88053FF5283BCC9D007D2762 /* Extensions */,
				88356ABC281C28B300C40F39 /* SceneDelegate.swift */,
				88356ABE281C28B300C40F39 /* TabViewController.swift */,
				88356AC0281C28B300C40F39 /* Main.storyboard */,
				88356AC6281C28B600C40F39 /* Assets.xcassets */,
				88356AC8281C28B600C40F39 /* LaunchScreen.storyboard */,
				88356ACB281C28B600C40F39 /* Info.plist */,
				88356AC3281C28B300C40F39 /* ExpenseTracker.xcdatamodeld */,
				883D99882821308B0080DC7B /* BackgroundView.swift */,
				88178EE0282E70BC00E84146 /* AlertManager.swift */,
				08CEF9F128356A94006F57F2 /* DataBaseManager.swift */,
				883FCD5B2837D0F900EFEC79 /* NumberLabelAnimate.swift */,
			);
			path = ExpenseTracker;
			sourceTree = "<group>";
		};
		883D9944281D67280080DC7B /* Font */ = {
			isa = PBXGroup;
			children = (
				883D994D281D67670080DC7B /* Inter-Black.ttf */,
				883D9948281D67670080DC7B /* Inter-Bold.ttf */,
				883D994C281D67670080DC7B /* Inter-ExtraBold.ttf */,
				883D994B281D67670080DC7B /* Inter-ExtraLight.ttf */,
				883D9945281D67670080DC7B /* Inter-Light.ttf */,
				883D9947281D67670080DC7B /* Inter-Medium.ttf */,
				883D9949281D67670080DC7B /* Inter-Regular.ttf */,
				883D994A281D67670080DC7B /* Inter-SemiBold.ttf */,
				883D9946281D67670080DC7B /* Inter-Thin.ttf */,
			);
			path = Font;
			sourceTree = "<group>";
		};
		883D9961281D8D9E0080DC7B /* CoreData */ = {
			isa = PBXGroup;
			children = (
				88FB16B1282D6CF400A2A528 /* IncomeExpense+CoreDataClass.swift */,
				88FB16B2282D6CF400A2A528 /* IncomeExpense+CoreDataProperties.swift */,
				88FB16B3282D6CF400A2A528 /* IncomeCategory+CoreDataClass.swift */,
				88FB16B4282D6CF400A2A528 /* IncomeCategory+CoreDataProperties.swift */,
				883D997A281D8E690080DC7B /* Category+CoreDataClass.swift */,
				883D997B281D8E690080DC7B /* Category+CoreDataProperties.swift */,
			);
			path = CoreData;
			sourceTree = "<group>";
		};
		883D99922829067E0080DC7B /* AddExpense */ = {
			isa = PBXGroup;
			children = (
				883D9986281FD4180080DC7B /* AddExpenseViewController.swift */,
				883D998A28217B940080DC7B /* AddExpenseContentViewController.swift */,
				883D995D281D79880080DC7B /* AddExpense.storyboard */,
			);
			path = AddExpense;
			sourceTree = "<group>";
		};
		883D9993282906CE0080DC7B /* Category */ = {
			isa = PBXGroup;
			children = (
				883D998C2823E67F0080DC7B /* CategoryViewController.swift */,
				883D99902827A72D0080DC7B /* CategoryDetailViewController.swift */,
				883D9995282907410080DC7B /* Category.storyboard */,
				883D9997282907DF0080DC7B /* CategoryDetail.storyboard */,
			);
			path = Category;
			sourceTree = "<group>";
		};
		883D9994282906FB0080DC7B /* Home */ = {
			isa = PBXGroup;
			children = (
				883D9959281D792E0080DC7B /* Home.storyboard */,
				883D998E28257E000080DC7B /* HomePageViewController.swift */,
				8856C8BD282A93CB004A38F9 /* HomeTableViewCell.swift */,
			);
			path = Home;
			sourceTree = "<group>";
		};
		883FCD4E2832826B00EFEC79 /* Statistic */ = {
			isa = PBXGroup;
			children = (
				883FCD4F283282C500EFEC79 /* StatisticViewController.swift */,
				883D995B281D79570080DC7B /* Statistics.storyboard */,
			);
			path = Statistic;
			sourceTree = "<group>";
		};
		8856C8BF282ABC4B004A38F9 /* Wallet */ = {
			isa = PBXGroup;
			children = (
				883D995F281D79A80080DC7B /* Wallet.storyboard */,
				8856C8C0282ABCA6004A38F9 /* WalletViewController.swift */,
				8856C8C4282D1A6A004A38F9 /* WalletCell.xib */,
				8856C8C6282D1CCE004A38F9 /* WalletCell.swift */,
				8856C8C8282D2190004A38F9 /* AddIncome.storyboard */,
				8856C8CA282D21E5004A38F9 /* AddIncomeViewController.swift */,
				8856C8CC282D5EB6004A38F9 /* AddIncomeTableViewController.swift */,
			);
			path = Wallet;
			sourceTree = "<group>";
		};
		B16FFF233210CD8B956AD4CE /* Pods */ = {
			isa = PBXGroup;
			children = (
				7A7B5B7B2B18727A078C87F9 /* Pods-ExpenseTracker.debug.xcconfig */,
				778D8A98CA6985A85E9997CA /* Pods-ExpenseTracker.release.xcconfig */,
			);
			path = Pods;
			sourceTree = "<group>";
		};
/* End PBXGroup section */

/* Begin PBXNativeTarget section */
		88356AB6281C28B300C40F39 /* ExpenseTracker */ = {
			isa = PBXNativeTarget;
			buildConfigurationList = 88356ACE281C28B600C40F39 /* Build configuration list for PBXNativeTarget "ExpenseTracker" */;
			buildPhases = (
				4C320C8310BA751D6A470E3B /* [CP] Check Pods Manifest.lock */,
				08DA5E07282ADFA200C93A5F /* Rswift */,
				883D9943281D53D30080DC7B /* Swift lint */,
				88356AB3281C28B300C40F39 /* Sources */,
				88356AB4281C28B300C40F39 /* Frameworks */,
				88356AB5281C28B300C40F39 /* Resources */,
				254F0153F07367C6C90CE59B /* [CP] Embed Pods Frameworks */,
			);
			buildRules = (
			);
			dependencies = (
			);
			name = ExpenseTracker;
			productName = ExpenseTracker;
			productReference = 88356AB7281C28B300C40F39 /* ExpenseTracker.app */;
			productType = "com.apple.product-type.application";
		};
/* End PBXNativeTarget section */

/* Begin PBXProject section */
		88356AAF281C28B300C40F39 /* Project object */ = {
			isa = PBXProject;
			attributes = {
				BuildIndependentTargetsInParallel = 1;
				LastSwiftUpdateCheck = 1330;
				LastUpgradeCheck = 1330;
				TargetAttributes = {
					88356AB6281C28B300C40F39 = {
						CreatedOnToolsVersion = 13.3;
					};
				};
			};
			buildConfigurationList = 88356AB2281C28B300C40F39 /* Build configuration list for PBXProject "ExpenseTracker" */;
			compatibilityVersion = "Xcode 13.0";
			developmentRegion = en;
			hasScannedForEncodings = 0;
			knownRegions = (
				en,
				Base,
			);
			mainGroup = 88356AAE281C28B300C40F39;
			productRefGroup = 88356AB8281C28B300C40F39 /* Products */;
			projectDirPath = "";
			projectRoot = "";
			targets = (
				88356AB6281C28B300C40F39 /* ExpenseTracker */,
			);
		};
/* End PBXProject section */

/* Begin PBXResourcesBuildPhase section */
		88356AB5281C28B300C40F39 /* Resources */ = {
			isa = PBXResourcesBuildPhase;
			buildActionMask = 2147483647;
			files = (
				88178EE6282E979900E84146 /* CategoryIncomeDetail.storyboard in Resources */,
				8856C8C5282D1A6A004A38F9 /* WalletCell.xib in Resources */,
				883D995E281D79880080DC7B /* AddExpense.storyboard in Resources */,
				883D9960281D79A80080DC7B /* Wallet.storyboard in Resources */,
				88178EE4282E96B800E84146 /* CategoryIncome.storyboard in Resources */,
				883D9996282907410080DC7B /* Category.storyboard in Resources */,
				883D9998282907DF0080DC7B /* CategoryDetail.storyboard in Resources */,
				88356ACA281C28B600C40F39 /* LaunchScreen.storyboard in Resources */,
				883D9955281D67670080DC7B /* Inter-ExtraBold.ttf in Resources */,
				883D9954281D67670080DC7B /* Inter-ExtraLight.ttf in Resources */,
				88356AC7281C28B600C40F39 /* Assets.xcassets in Resources */,
				883D9950281D67670080DC7B /* Inter-Medium.ttf in Resources */,
				883D995C281D79570080DC7B /* Statistics.storyboard in Resources */,
				8856C8C9282D2190004A38F9 /* AddIncome.storyboard in Resources */,
				883D9953281D67670080DC7B /* Inter-SemiBold.ttf in Resources */,
				883D9951281D67670080DC7B /* Inter-Bold.ttf in Resources */,
				883D9956281D67670080DC7B /* Inter-Black.ttf in Resources */,
				883D994E281D67670080DC7B /* Inter-Light.ttf in Resources */,
				883D994F281D67670080DC7B /* Inter-Thin.ttf in Resources */,
				883D9952281D67670080DC7B /* Inter-Regular.ttf in Resources */,
				883D995A281D792E0080DC7B /* Home.storyboard in Resources */,
				08CEF9EE283563A4006F57F2 /* Localization.strings in Resources */,
				88356AC2281C28B300C40F39 /* Main.storyboard in Resources */,
			);
			runOnlyForDeploymentPostprocessing = 0;
		};
/* End PBXResourcesBuildPhase section */

/* Begin PBXShellScriptBuildPhase section */
		08DA5E07282ADFA200C93A5F /* Rswift */ = {
			isa = PBXShellScriptBuildPhase;
			alwaysOutOfDate = 1;
			buildActionMask = 2147483647;
			files = (
			);
			inputFileListPaths = (
			);
			inputPaths = (
			);
			name = Rswift;
			outputFileListPaths = (
			);
			outputPaths = (
				$SRCROOT/R.generated.swift,
			);
			runOnlyForDeploymentPostprocessing = 0;
			shellPath = /bin/sh;
			shellScript = "\"$PODS_ROOT/R.swift/rswift\" generate \"$SRCROOT/R.generated.swift\"\n";
		};
		254F0153F07367C6C90CE59B /* [CP] Embed Pods Frameworks */ = {
			isa = PBXShellScriptBuildPhase;
			buildActionMask = 2147483647;
			files = (
			);
			inputFileListPaths = (
				"${PODS_ROOT}/Target Support Files/Pods-ExpenseTracker/Pods-ExpenseTracker-frameworks-${CONFIGURATION}-input-files.xcfilelist",
			);
			name = "[CP] Embed Pods Frameworks";
			outputFileListPaths = (
				"${PODS_ROOT}/Target Support Files/Pods-ExpenseTracker/Pods-ExpenseTracker-frameworks-${CONFIGURATION}-output-files.xcfilelist",
			);
			runOnlyForDeploymentPostprocessing = 0;
			shellPath = /bin/sh;
			shellScript = "\"${PODS_ROOT}/Target Support Files/Pods-ExpenseTracker/Pods-ExpenseTracker-frameworks.sh\"\n";
			showEnvVarsInLog = 0;
		};
		4C320C8310BA751D6A470E3B /* [CP] Check Pods Manifest.lock */ = {
			isa = PBXShellScriptBuildPhase;
			buildActionMask = 2147483647;
			files = (
			);
			inputFileListPaths = (
			);
			inputPaths = (
				"${PODS_PODFILE_DIR_PATH}/Podfile.lock",
				"${PODS_ROOT}/Manifest.lock",
			);
			name = "[CP] Check Pods Manifest.lock";
			outputFileListPaths = (
			);
			outputPaths = (
				"$(DERIVED_FILE_DIR)/Pods-ExpenseTracker-checkManifestLockResult.txt",
			);
			runOnlyForDeploymentPostprocessing = 0;
			shellPath = /bin/sh;
			shellScript = "diff \"${PODS_PODFILE_DIR_PATH}/Podfile.lock\" \"${PODS_ROOT}/Manifest.lock\" > /dev/null\nif [ $? != 0 ] ; then\n    # print error to STDERR\n    echo \"error: The sandbox is not in sync with the Podfile.lock. Run 'pod install' or update your CocoaPods installation.\" >&2\n    exit 1\nfi\n# This output is used by Xcode 'outputs' to avoid re-running this script phase.\necho \"SUCCESS\" > \"${SCRIPT_OUTPUT_FILE_0}\"\n";
			showEnvVarsInLog = 0;
		};
		883D9943281D53D30080DC7B /* Swift lint */ = {
			isa = PBXShellScriptBuildPhase;
			alwaysOutOfDate = 1;
			buildActionMask = 2147483647;
			files = (
			);
			inputFileListPaths = (
			);
			inputPaths = (
			);
			name = "Swift lint";
			outputFileListPaths = (
			);
			outputPaths = (
			);
			runOnlyForDeploymentPostprocessing = 0;
			shellPath = /bin/sh;
			shellScript = "if which \"${PODS_ROOT}/SwiftLint/swiftlint\" >/dev/null; then\n    ${PODS_ROOT}/SwiftLint/swiftlint\nelse\n    echo \"warning: SwiftLint not installed, download from https://github.com/realm/SwiftLint\"\nfi\n";
		};
/* End PBXShellScriptBuildPhase section */

/* Begin PBXSourcesBuildPhase section */
		88356AB3281C28B300C40F39 /* Sources */ = {
			isa = PBXSourcesBuildPhase;
			buildActionMask = 2147483647;
			files = (
				883FCD50283282C500EFEC79 /* StatisticViewController.swift in Sources */,
				88178EEA282E980400E84146 /* CategoryIncomeDetailTableViewController.swift in Sources */,
				883D99912827A72D0080DC7B /* CategoryDetailViewController.swift in Sources */,
				88FB16B7282D6CF400A2A528 /* IncomeCategory+CoreDataClass.swift in Sources */,
				883D998D2823E6800080DC7B /* CategoryViewController.swift in Sources */,
				88053FF4283BCC7D007D2762 /* NumberFormatter extension.swift in Sources */,
				8856C8CD282D5EB6004A38F9 /* AddIncomeTableViewController.swift in Sources */,
				883D998F28257E000080DC7B /* HomePageViewController.swift in Sources */,
				883FCD5C2837D0F900EFEC79 /* NumberLabelAnimate.swift in Sources */,
				08CEF9F928356E6E006F57F2 /* IncomeCategoryEntity.swift in Sources */,
				08CEF9F228356A94006F57F2 /* DataBaseManager.swift in Sources */,
				8856C8C1282ABCA6004A38F9 /* WalletViewController.swift in Sources */,
				883FCD562833DC2900EFEC79 /* Date Extension.swift in Sources */,
				88178EE1282E70BC00E84146 /* AlertManager.swift in Sources */,
				88FB16B6282D6CF400A2A528 /* IncomeExpense+CoreDataProperties.swift in Sources */,
				88356ABF281C28B300C40F39 /* TabViewController.swift in Sources */,
				883D9981281D8E690080DC7B /* Category+CoreDataProperties.swift in Sources */,
				88356ABB281C28B300C40F39 /* AppDelegate.swift in Sources */,
				88356ABD281C28B300C40F39 /* SceneDelegate.swift in Sources */,
				88053FF2283BCBFC007D2762 /* DateFormatter Extension.swift in Sources */,
				88FB16B5282D6CF400A2A528 /* IncomeExpense+CoreDataClass.swift in Sources */,
				08CEF9F528356E30006F57F2 /* CategoryEntity.swift in Sources */,
				883D99892821308B0080DC7B /* BackgroundView.swift in Sources */,
				8856C8CB282D21E5004A38F9 /* AddIncomeViewController.swift in Sources */,
				8856C8C7282D1CCE004A38F9 /* WalletCell.swift in Sources */,
				88FB16B8282D6CF400A2A528 /* IncomeCategory+CoreDataProperties.swift in Sources */,
				08DA5E0E282AE53C00C93A5F /* R.generated.swift in Sources */,
				883D9980281D8E690080DC7B /* Category+CoreDataClass.swift in Sources */,
				08CEF9FB28356E79006F57F2 /* IncomeExpenseEntity.swift in Sources */,
				88178EE8282E97E700E84146 /* CategoryIncomeViewController.swift in Sources */,
				88356AC5281C28B300C40F39 /* ExpenseTracker.xcdatamodeld in Sources */,
				883D998B28217B940080DC7B /* AddExpenseContentViewController.swift in Sources */,
				8856C8BE282A93CB004A38F9 /* HomeTableViewCell.swift in Sources */,
				883D9987281FD4180080DC7B /* AddExpenseViewController.swift in Sources */,
			);
			runOnlyForDeploymentPostprocessing = 0;
		};
/* End PBXSourcesBuildPhase section */

/* Begin PBXVariantGroup section */
		08CEF9F0283563A4006F57F2 /* Localization.strings */ = {
			isa = PBXVariantGroup;
			children = (
				08CEF9EF283563A4006F57F2 /* en */,
			);
			name = Localization.strings;
			sourceTree = "<group>";
		};
		88356AC0281C28B300C40F39 /* Main.storyboard */ = {
			isa = PBXVariantGroup;
			children = (
				88356AC1281C28B300C40F39 /* Base */,
			);
			name = Main.storyboard;
			sourceTree = "<group>";
		};
		88356AC8281C28B600C40F39 /* LaunchScreen.storyboard */ = {
			isa = PBXVariantGroup;
			children = (
				88356AC9281C28B600C40F39 /* Base */,
			);
			name = LaunchScreen.storyboard;
			sourceTree = "<group>";
		};
/* End PBXVariantGroup section */

/* Begin XCBuildConfiguration section */
		88356ACC281C28B600C40F39 /* Debug */ = {
			isa = XCBuildConfiguration;
			buildSettings = {
				ALWAYS_SEARCH_USER_PATHS = NO;
				CLANG_ANALYZER_NONNULL = YES;
				CLANG_ANALYZER_NUMBER_OBJECT_CONVERSION = YES_AGGRESSIVE;
				CLANG_CXX_LANGUAGE_STANDARD = "gnu++17";
				CLANG_ENABLE_MODULES = YES;
				CLANG_ENABLE_OBJC_ARC = YES;
				CLANG_ENABLE_OBJC_WEAK = YES;
				CLANG_WARN_BLOCK_CAPTURE_AUTORELEASING = YES;
				CLANG_WARN_BOOL_CONVERSION = YES;
				CLANG_WARN_COMMA = YES;
				CLANG_WARN_CONSTANT_CONVERSION = YES;
				CLANG_WARN_DEPRECATED_OBJC_IMPLEMENTATIONS = YES;
				CLANG_WARN_DIRECT_OBJC_ISA_USAGE = YES_ERROR;
				CLANG_WARN_DOCUMENTATION_COMMENTS = YES;
				CLANG_WARN_EMPTY_BODY = YES;
				CLANG_WARN_ENUM_CONVERSION = YES;
				CLANG_WARN_INFINITE_RECURSION = YES;
				CLANG_WARN_INT_CONVERSION = YES;
				CLANG_WARN_NON_LITERAL_NULL_CONVERSION = YES;
				CLANG_WARN_OBJC_IMPLICIT_RETAIN_SELF = YES;
				CLANG_WARN_OBJC_LITERAL_CONVERSION = YES;
				CLANG_WARN_OBJC_ROOT_CLASS = YES_ERROR;
				CLANG_WARN_QUOTED_INCLUDE_IN_FRAMEWORK_HEADER = YES;
				CLANG_WARN_RANGE_LOOP_ANALYSIS = YES;
				CLANG_WARN_STRICT_PROTOTYPES = YES;
				CLANG_WARN_SUSPICIOUS_MOVE = YES;
				CLANG_WARN_UNGUARDED_AVAILABILITY = YES_AGGRESSIVE;
				CLANG_WARN_UNREACHABLE_CODE = YES;
				CLANG_WARN__DUPLICATE_METHOD_MATCH = YES;
				COPY_PHASE_STRIP = NO;
				DEBUG_INFORMATION_FORMAT = dwarf;
				ENABLE_STRICT_OBJC_MSGSEND = YES;
				ENABLE_TESTABILITY = YES;
				GCC_C_LANGUAGE_STANDARD = gnu11;
				GCC_DYNAMIC_NO_PIC = NO;
				GCC_NO_COMMON_BLOCKS = YES;
				GCC_OPTIMIZATION_LEVEL = 0;
				GCC_PREPROCESSOR_DEFINITIONS = (
					"DEBUG=1",
					"$(inherited)",
				);
				GCC_WARN_64_TO_32_BIT_CONVERSION = YES;
				GCC_WARN_ABOUT_RETURN_TYPE = YES_ERROR;
				GCC_WARN_UNDECLARED_SELECTOR = YES;
				GCC_WARN_UNINITIALIZED_AUTOS = YES_AGGRESSIVE;
				GCC_WARN_UNUSED_FUNCTION = YES;
				GCC_WARN_UNUSED_VARIABLE = YES;
				IPHONEOS_DEPLOYMENT_TARGET = 15.4;
				MTL_ENABLE_DEBUG_INFO = INCLUDE_SOURCE;
				MTL_FAST_MATH = YES;
				ONLY_ACTIVE_ARCH = YES;
				SDKROOT = iphoneos;
				SWIFT_ACTIVE_COMPILATION_CONDITIONS = DEBUG;
				SWIFT_OPTIMIZATION_LEVEL = "-Onone";
			};
			name = Debug;
		};
		88356ACD281C28B600C40F39 /* Release */ = {
			isa = XCBuildConfiguration;
			buildSettings = {
				ALWAYS_SEARCH_USER_PATHS = NO;
				CLANG_ANALYZER_NONNULL = YES;
				CLANG_ANALYZER_NUMBER_OBJECT_CONVERSION = YES_AGGRESSIVE;
				CLANG_CXX_LANGUAGE_STANDARD = "gnu++17";
				CLANG_ENABLE_MODULES = YES;
				CLANG_ENABLE_OBJC_ARC = YES;
				CLANG_ENABLE_OBJC_WEAK = YES;
				CLANG_WARN_BLOCK_CAPTURE_AUTORELEASING = YES;
				CLANG_WARN_BOOL_CONVERSION = YES;
				CLANG_WARN_COMMA = YES;
				CLANG_WARN_CONSTANT_CONVERSION = YES;
				CLANG_WARN_DEPRECATED_OBJC_IMPLEMENTATIONS = YES;
				CLANG_WARN_DIRECT_OBJC_ISA_USAGE = YES_ERROR;
				CLANG_WARN_DOCUMENTATION_COMMENTS = YES;
				CLANG_WARN_EMPTY_BODY = YES;
				CLANG_WARN_ENUM_CONVERSION = YES;
				CLANG_WARN_INFINITE_RECURSION = YES;
				CLANG_WARN_INT_CONVERSION = YES;
				CLANG_WARN_NON_LITERAL_NULL_CONVERSION = YES;
				CLANG_WARN_OBJC_IMPLICIT_RETAIN_SELF = YES;
				CLANG_WARN_OBJC_LITERAL_CONVERSION = YES;
				CLANG_WARN_OBJC_ROOT_CLASS = YES_ERROR;
				CLANG_WARN_QUOTED_INCLUDE_IN_FRAMEWORK_HEADER = YES;
				CLANG_WARN_RANGE_LOOP_ANALYSIS = YES;
				CLANG_WARN_STRICT_PROTOTYPES = YES;
				CLANG_WARN_SUSPICIOUS_MOVE = YES;
				CLANG_WARN_UNGUARDED_AVAILABILITY = YES_AGGRESSIVE;
				CLANG_WARN_UNREACHABLE_CODE = YES;
				CLANG_WARN__DUPLICATE_METHOD_MATCH = YES;
				COPY_PHASE_STRIP = NO;
				DEBUG_INFORMATION_FORMAT = "dwarf-with-dsym";
				ENABLE_NS_ASSERTIONS = NO;
				ENABLE_STRICT_OBJC_MSGSEND = YES;
				GCC_C_LANGUAGE_STANDARD = gnu11;
				GCC_NO_COMMON_BLOCKS = YES;
				GCC_WARN_64_TO_32_BIT_CONVERSION = YES;
				GCC_WARN_ABOUT_RETURN_TYPE = YES_ERROR;
				GCC_WARN_UNDECLARED_SELECTOR = YES;
				GCC_WARN_UNINITIALIZED_AUTOS = YES_AGGRESSIVE;
				GCC_WARN_UNUSED_FUNCTION = YES;
				GCC_WARN_UNUSED_VARIABLE = YES;
				IPHONEOS_DEPLOYMENT_TARGET = 15.4;
				MTL_ENABLE_DEBUG_INFO = NO;
				MTL_FAST_MATH = YES;
				SDKROOT = iphoneos;
				SWIFT_COMPILATION_MODE = wholemodule;
				SWIFT_OPTIMIZATION_LEVEL = "-O";
				VALIDATE_PRODUCT = YES;
			};
			name = Release;
		};
		88356ACF281C28B600C40F39 /* Debug */ = {
			isa = XCBuildConfiguration;
			baseConfigurationReference = 7A7B5B7B2B18727A078C87F9 /* Pods-ExpenseTracker.debug.xcconfig */;
			buildSettings = {
				ASSETCATALOG_COMPILER_APPICON_NAME = AppIcon;
				ASSETCATALOG_COMPILER_GLOBAL_ACCENT_COLOR_NAME = AccentColor;
				CODE_SIGN_STYLE = Automatic;
				CURRENT_PROJECT_VERSION = 1;
				DEVELOPMENT_TEAM = 48ZGK5S53A;
				GENERATE_INFOPLIST_FILE = YES;
				INFOPLIST_FILE = ExpenseTracker/Info.plist;
				INFOPLIST_KEY_UIApplicationSupportsIndirectInputEvents = YES;
				INFOPLIST_KEY_UILaunchStoryboardName = LaunchScreen;
				INFOPLIST_KEY_UIMainStoryboardFile = Main;
				INFOPLIST_KEY_UISupportedInterfaceOrientations = UIInterfaceOrientationPortrait;
				INFOPLIST_KEY_UISupportedInterfaceOrientations_iPad = "UIInterfaceOrientationPortrait UIInterfaceOrientationPortraitUpsideDown UIInterfaceOrientationLandscapeLeft UIInterfaceOrientationLandscapeRight";
				INFOPLIST_KEY_UISupportedInterfaceOrientations_iPhone = "UIInterfaceOrientationPortrait UIInterfaceOrientationLandscapeLeft UIInterfaceOrientationLandscapeRight";
				IPHONEOS_DEPLOYMENT_TARGET = 15.2;
				LD_RUNPATH_SEARCH_PATHS = (
					"$(inherited)",
					"@executable_path/Frameworks",
				);
				MARKETING_VERSION = 1.0;
				PRODUCT_BUNDLE_IDENTIFIER = oleks.ExpenseTracker;
				PRODUCT_NAME = "$(TARGET_NAME)";
				SWIFT_EMIT_LOC_STRINGS = YES;
				SWIFT_VERSION = 5.0;
				TARGETED_DEVICE_FAMILY = 1;
			};
			name = Debug;
		};
		88356AD0281C28B600C40F39 /* Release */ = {
			isa = XCBuildConfiguration;
			baseConfigurationReference = 778D8A98CA6985A85E9997CA /* Pods-ExpenseTracker.release.xcconfig */;
			buildSettings = {
				ASSETCATALOG_COMPILER_APPICON_NAME = AppIcon;
				ASSETCATALOG_COMPILER_GLOBAL_ACCENT_COLOR_NAME = AccentColor;
				CODE_SIGN_STYLE = Automatic;
				CURRENT_PROJECT_VERSION = 1;
				DEVELOPMENT_TEAM = 48ZGK5S53A;
				GENERATE_INFOPLIST_FILE = YES;
				INFOPLIST_FILE = ExpenseTracker/Info.plist;
				INFOPLIST_KEY_UIApplicationSupportsIndirectInputEvents = YES;
				INFOPLIST_KEY_UILaunchStoryboardName = LaunchScreen;
				INFOPLIST_KEY_UIMainStoryboardFile = Main;
				INFOPLIST_KEY_UISupportedInterfaceOrientations = UIInterfaceOrientationPortrait;
				INFOPLIST_KEY_UISupportedInterfaceOrientations_iPad = "UIInterfaceOrientationPortrait UIInterfaceOrientationPortraitUpsideDown UIInterfaceOrientationLandscapeLeft UIInterfaceOrientationLandscapeRight";
				INFOPLIST_KEY_UISupportedInterfaceOrientations_iPhone = "UIInterfaceOrientationPortrait UIInterfaceOrientationLandscapeLeft UIInterfaceOrientationLandscapeRight";
				IPHONEOS_DEPLOYMENT_TARGET = 15.2;
				LD_RUNPATH_SEARCH_PATHS = (
					"$(inherited)",
					"@executable_path/Frameworks",
				);
				MARKETING_VERSION = 1.0;
				PRODUCT_BUNDLE_IDENTIFIER = oleks.ExpenseTracker;
				PRODUCT_NAME = "$(TARGET_NAME)";
				SWIFT_EMIT_LOC_STRINGS = YES;
				SWIFT_VERSION = 5.0;
				TARGETED_DEVICE_FAMILY = 1;
			};
			name = Release;
		};
/* End XCBuildConfiguration section */

/* Begin XCConfigurationList section */
		88356AB2281C28B300C40F39 /* Build configuration list for PBXProject "ExpenseTracker" */ = {
			isa = XCConfigurationList;
			buildConfigurations = (
				88356ACC281C28B600C40F39 /* Debug */,
				88356ACD281C28B600C40F39 /* Release */,
			);
			defaultConfigurationIsVisible = 0;
			defaultConfigurationName = Release;
		};
		88356ACE281C28B600C40F39 /* Build configuration list for PBXNativeTarget "ExpenseTracker" */ = {
			isa = XCConfigurationList;
			buildConfigurations = (
				88356ACF281C28B600C40F39 /* Debug */,
				88356AD0281C28B600C40F39 /* Release */,
			);
			defaultConfigurationIsVisible = 0;
			defaultConfigurationName = Release;
		};
/* End XCConfigurationList section */

/* Begin XCVersionGroup section */
		88356AC3281C28B300C40F39 /* ExpenseTracker.xcdatamodeld */ = {
			isa = XCVersionGroup;
			children = (
				88356AC4281C28B300C40F39 /* ExpenseTracker.xcdatamodel */,
			);
			currentVersion = 88356AC4281C28B300C40F39 /* ExpenseTracker.xcdatamodel */;
			path = ExpenseTracker.xcdatamodeld;
			sourceTree = "<group>";
			versionGroupType = wrapper.xcdatamodel;
		};
/* End XCVersionGroup section */
	};
	rootObject = 88356AAF281C28B300C40F39 /* Project object */;
}
